hash: da0ea1f905620151edfc72a25b9a58704e77f98da80dc65c89904d8113a36aae
updated: 2017-01-18T15:20:18.577061282-06:00
imports:
- name: github.com/garyburd/redigo
  version: 8873b2f1995f59d4bcdd2b0dc9858e2cb9bf0c13
  subpackages:
  - internal
  - redis
- name: github.com/golang/protobuf
  version: 8ee79997227bf9b34611aee7946ae64735e6fd93
  subpackages:
  - proto
- name: github.com/jpillora/backoff
  version: a6f64285fd4072883335339357436b78d62c96a4
- name: github.com/klauspost/cpuid
  version: 09cded8978dc9e80714c4d85b0322337b0a1e5e0
- name: github.com/mgutz/ansi
  version: c286dcecd19ff979eeb73ea444e479b903f2cfcb
- name: github.com/pkg/errors
  version: 248dadf4e9068a0b3e79f02ed0a610d935de5302
- name: github.com/rs/xid
  version: 057f3c928c207d1e7e318929eeac93bb46e319e3
- name: github.com/sergi/go-diff
  version: 83532ca1c1caa393179c677b6facf48e61f4ca5d
  subpackages:
  - diffmatchpatch
- name: github.com/Sirupsen/logrus
  version: d26492970760ca5d33129d2d799e34be5c4782eb
- name: github.com/src-d/gcfg
  version: f187355171c936ac84a82793659ebb4936bc1c23
  subpackages:
  - scanner
  - token
  - types
- name: github.com/superfly/smux
  version: c34bbd53d50f4b7450eb0a4c8bcfe6e576dd2014
- name: github.com/x-cray/logrus-prefixed-formatter
  version: a35e641b1da09880f6432c2c7e814ef0817663f7
- name: golang.org/x/crypto
  version: 9477e0b78b9ac3d0b03822fd95422e2fe07627cd
  subpackages:
  - curve25519
  - ed25519
  - ed25519/internal/edwards25519
  - nacl/box
  - nacl/secretbox
  - poly1305
  - salsa20/salsa
  - ssh
  - ssh/agent
- name: golang.org/x/net
  version: 4971afdc2f162e82d185353533d3cf16188a9f4e
  subpackages:
  - context
- name: golang.org/x/sys
  version: d5645953809d8b4752afb2c3224b1f1ad73dfa70
  subpackages:
  - unix
- name: google.golang.org/appengine
  version: ca59ef35f409df61fa4a5f8290ff289b37eccfb8
  subpackages:
  - datastore
  - internal
  - internal/app_identity
  - internal/base
  - internal/datastore
  - internal/log
  - internal/modules
  - internal/remote_api
- name: gopkg.in/src-d/go-git.v4
  version: ff449c6a58ef0d7416083f0dca67f49b591f9628
  subpackages:
  - config
  - plumbing
  - plumbing/format/config
  - plumbing/format/idxfile
  - plumbing/format/index
  - plumbing/format/objfile
  - plumbing/format/packfile
  - plumbing/format/pktline
  - plumbing/object
  - plumbing/protocol/packp
  - plumbing/protocol/packp/capability
  - plumbing/protocol/packp/sideband
  - plumbing/storer
  - plumbing/transport
  - plumbing/transport/client
  - plumbing/transport/file
  - plumbing/transport/git
  - plumbing/transport/http
  - plumbing/transport/internal/common
  - plumbing/transport/ssh
  - storage/filesystem
  - storage/filesystem/internal/dotgit
  - storage/memory
  - utils/binary
  - utils/diff
  - utils/ioutil
- name: gopkg.in/vmihailenco/msgpack.v2
  version: 200315d5c8aab339f5a5cd44219f4b50ad0782df
  subpackages:
  - codes
- name: gopkg.in/warnings.v0
  version: 8a331561fe74dadba6edfc59f3be66c22c3b065d
- name: srcd.works/go-billy.v1
  version: 6ca1fd6ba86f5929a23633719f5fd413a0046998
  subpackages:
  - os
testImports: []
