hash: cb7cee5d4b6e930f5a35698a899dda8e123dfbd4508ea6b27c985cb856701c41
updated: 2017-01-31T18:34:06.858433379-08:00
imports:
- name: github.com/garyburd/redigo
  version: 8873b2f1995f59d4bcdd2b0dc9858e2cb9bf0c13
- name: github.com/jpillora/backoff
  version: a6f64285fd4072883335339357436b78d62c96a4
- name: github.com/klauspost/cpuid
  version: 09cded8978dc9e80714c4d85b0322337b0a1e5e0
- name: github.com/rs/xid
  version: 057f3c928c207d1e7e318929eeac93bb46e319e3
- name: github.com/Sirupsen/logrus
  version: d26492970760ca5d33129d2d799e34be5c4782eb
- name: github.com/x-cray/logrus-prefixed-formatter
  version: a35e641b1da09880f6432c2c7e814ef0817663f7
- name: golang.org/x/sys
  version: d5645953809d8b4752afb2c3224b1f1ad73dfa70
  subpackages:
  - unix
- name: gopkg.in/vmihailenco/msgpack.v2
  version: 200315d5c8aab339f5a5cd44219f4b50ad0782df
- name: srcd.works/go-git.v4
  version: 09ac55657efcc3bb40db780ce9441095aea0d64c
testImports: []
